
Microsoft Visual Studio Solution File, Format Version 12.00
# Visual Studio Version 16
VisualStudioVersion = 16.0.30225.117
MinimumVisualStudioVersion = 10.0.40219.1
Project("{9A19103F-16F7-4668-BE54-9A1E7A4F7556}") = "P01_EmptyRazor", "P01_EmptyRazor\P01_EmptyRazor.csproj", "{621A7965-40B6-4EAC-B005-B3A2CA5326C3}"
EndProject
Project("{9A19103F-16F7-4668-BE54-9A1E7A4F7556}") = "P02_RazorApp", "P02_RazorApp\P02_RazorApp.csproj", "{0C2DF9BA-A9BD-499E-AFE3-BDDC2573B9BC}"
EndProject
Project("{9A19103F-16F7-4668-BE54-9A1E7A4F7556}") = "Razor", "Razor_Structure\Razor.csproj", "{05428835-C3F1-4E89-B33A-38A28C09F018}"
EndProject
Global
	GlobalSection(SolutionConfigurationPlatforms) = preSolution
		Debug|Any CPU = Debug|Any CPU
		Release|Any CPU = Release|Any CPU
	EndGlobalSection
	GlobalSection(ProjectConfigurationPlatforms) = postSolution
		{621A7965-40B6-4EAC-B005-B3A2CA5326C3}.Debug|Any CPU.ActiveCfg = Debug|Any CPU
		{621A7965-40B6-4EAC-B005-B3A2CA5326C3}.Debug|Any CPU.Build.0 = Debug|Any CPU
		{621A7965-40B6-4EAC-B005-B3A2CA5326C3}.Release|Any CPU.ActiveCfg = Release|Any CPU
		{621A7965-40B6-4EAC-B005-B3A2CA5326C3}.Release|Any CPU.Build.0 = Release|Any CPU
		{0C2DF9BA-A9BD-499E-AFE3-BDDC2573B9BC}.Debug|Any CPU.ActiveCfg = Debug|Any CPU
		{0C2DF9BA-A9BD-499E-AFE3-BDDC2573B9BC}.Debug|Any CPU.Build.0 = Debug|Any CPU
		{0C2DF9BA-A9BD-499E-AFE3-BDDC2573B9BC}.Release|Any CPU.ActiveCfg = Release|Any CPU
		{0C2DF9BA-A9BD-499E-AFE3-BDDC2573B9BC}.Release|Any CPU.Build.0 = Release|Any CPU
		{05428835-C3F1-4E89-B33A-38A28C09F018}.Debug|Any CPU.ActiveCfg = Debug|Any CPU
		{05428835-C3F1-4E89-B33A-38A28C09F018}.Debug|Any CPU.Build.0 = Debug|Any CPU
		{05428835-C3F1-4E89-B33A-38A28C09F018}.Release|Any CPU.ActiveCfg = Release|Any CPU
		{05428835-C3F1-4E89-B33A-38A28C09F018}.Release|Any CPU.Build.0 = Release|Any CPU
	EndGlobalSection
	GlobalSection(SolutionProperties) = preSolution
		HideSolutionNode = FALSE
	EndGlobalSection
	GlobalSection(ExtensibilityGlobals) = postSolution
		SolutionGuid = {ABE5DD29-59C8-4799-9553-594748723067}
	EndGlobalSection
EndGlobal
